{
  "name": "dcl-project",
  "version": "1.0.0",
  "lockfileVersion": 1,
  "requires": true,
  "dependencies": {
    "decentraland-crypto-utils": {
      "version": "git+https://github.com/HPrivakos/decentraland-crypto-utils.git#6e061036debf9407393f60d409669ddd3fae6318",
      "from": "git+https://github.com/HPrivakos/decentraland-crypto-utils.git",
      "dev": true,
      "requires": {
        "decentraland-ecs": "^6.4.8",
        "eth-connect": "^4.0.2"
      },
      "dependencies": {
        "decentraland-ecs": {
          "version": "6.4.9",
          "resolved": "https://registry.npmjs.org/decentraland-ecs/-/decentraland-ecs-6.4.9.tgz",
          "integrity": "sha512-XU5mjLjAUp01nymHJeOssy/jT4O33lPjnYoWLos/xNsgYilUpropkqzNx4EYqNrPhthhlwE7i+/nakcyXitFzw==",
          "dev": true,
          "requires": {
            "typescript": "^3.8.3",
            "uglify-js": "^3.5.2"
          }
        }
      }
    },
    "decentraland-ecs": {
      "version": "6.4.10-20200812191808.commit-5a18cad",
      "resolved": "https://registry.npmjs.org/decentraland-ecs/-/decentraland-ecs-6.4.10-20200812191808.commit-5a18cad.tgz",
      "integrity": "sha512-2pgggq4yEdt7fQ/c4It1foQNaw/NGWaGNfLBbonxaOv1oEel2JvJBGnm9JioGBEjbUlxO+/Vk2VTCnBR5RoCUA==",
      "dev": true,
      "requires": {
        "typescript": "^3.8.3",
        "uglify-js": "^3.5.2"
      }
    },
    "decentraland-ecs-utils": {
      "version": "1.1.4",
      "resolved": "https://registry.npmjs.org/decentraland-ecs-utils/-/decentraland-ecs-utils-1.1.4.tgz",
      "integrity": "sha512-OVVvkeF7bLbE6HmA4XhsP9X2gawvsh8lwqcK49Olm8sz+3I3YtZxZk9IMdjjsPAYyX1B/08v0ZDjSZdWBIm2lw==",
      "dev": true
    },
    "eth-connect": {
      "version": "4.0.2",
      "resolved": "https://registry.npmjs.org/eth-connect/-/eth-connect-4.0.2.tgz",
      "integrity": "sha512-ifDMf6KHhKSH2uULOYfjGN9JqyZ3WlSkhAenBNzYdfDLwelXCXzXDAx7Ta2zueOag9x8o/JstCy2Nbsrgs3kVg==",
      "dev": true
    },
    "typescript": {
      "version": "3.9.7",
      "resolved": "https://registry.npmjs.org/typescript/-/typescript-3.9.7.tgz",
      "integrity": "sha512-BLbiRkiBzAwsjut4x/dsibSTB6yWpwT5qWmC2OfuCg3GgVQCSgMs4vEctYPhsaGtd0AeuuHMkjZ2h2WG8MSzRw==",
      "dev": true
    },
    "uglify-js": {
      "version": "3.10.1",
      "resolved": "https://registry.npmjs.org/uglify-js/-/uglify-js-3.10.1.tgz",
      "integrity": "sha512-RjxApKkrPJB6kjJxQS3iZlf///REXWYxYJxO/MpmlQzVkDWVI3PSnCBWezMecmTU/TRkNxrl8bmsfFQCp+LO+Q==",
      "dev": true
    }
  }
}
